
Microsoft Visual Studio Solution File, Format Version 12.00
# Visual Studio Version 17
VisualStudioVersion = 17.0.31903.59
MinimumVisualStudioVersion = 10.0.40219.1
Project("{2150E333-8FDC-42A3-9474-1A3956D46DE8}") = "src", "src", "{827E0CD3-B72D-47B6-A68D-7590B98EB39B}"
EndProject
Project("{FAE04EC0-301F-11D3-BF4B-00C04F79EFBC}") = "Domain", "src\Domain\Domain.csproj", "{2DE4CB59-9586-458E-AC06-5A754E8A77CD}"
EndProject
Project("{FAE04EC0-301F-11D3-BF4B-00C04F79EFBC}") = "Application", "src\Application\Application.csproj", "{96A0EA3D-7A8D-492A-9BBF-682AB850FEBA}"
EndProject
Project("{FAE04EC0-301F-11D3-BF4B-00C04F79EFBC}") = "Infrastructure", "src\Infrastructure\Infrastructure.csproj", "{B94F207B-58B7-4C5D-B5E9-4580ACB52A1C}"
EndProject
Project("{FAE04EC0-301F-11D3-BF4B-00C04F79EFBC}") = "Persistence", "src\Persistence\Persistence.csproj", "{C107F313-CF70-4995-8A82-8232B0EBC221}"
EndProject
Project("{FAE04EC0-301F-11D3-BF4B-00C04F79EFBC}") = "API", "src\API\API.csproj", "{98BDD43B-A167-47A5-A40C-28BE5D453C95}"
EndProject
Project("{FAE04EC0-301F-11D3-BF4B-00C04F79EFBC}") = "Worker", "src\Worker\Worker.csproj", "{21CDCDB8-2160-4304-9A0E-C19F5DE95351}"
EndProject
Project("{FAE04EC0-301F-11D3-BF4B-00C04F79EFBC}") = "Application.UnitTests", "tests\Application.UnitTests\Application.UnitTests.csproj", "{B975D946-33F8-4D3B-BEB8-668D8503BDFA}"
EndProject
Project("{FAE04EC0-301F-11D3-BF4B-00C04F79EFBC}") = "API.IntegrationTests", "tests\API.IntegrationTests\API.IntegrationTests.csproj", "{534F9E99-B4BC-4BEC-85A1-6E46C635CD23}"
EndProject
Global
	GlobalSection(SolutionConfigurationPlatforms) = preSolution
		Debug|Any CPU = Debug|Any CPU
		Debug|x64 = Debug|x64
		Debug|x86 = Debug|x86
		Release|Any CPU = Release|Any CPU
		Release|x64 = Release|x64
		Release|x86 = Release|x86
	EndGlobalSection
	GlobalSection(ProjectConfigurationPlatforms) = postSolution
		{2DE4CB59-9586-458E-AC06-5A754E8A77CD}.Debug|Any CPU.ActiveCfg = Debug|Any CPU
		{2DE4CB59-9586-458E-AC06-5A754E8A77CD}.Debug|Any CPU.Build.0 = Debug|Any CPU
		{2DE4CB59-9586-458E-AC06-5A754E8A77CD}.Debug|x64.ActiveCfg = Debug|Any CPU
		{2DE4CB59-9586-458E-AC06-5A754E8A77CD}.Debug|x64.Build.0 = Debug|Any CPU
		{2DE4CB59-9586-458E-AC06-5A754E8A77CD}.Debug|x86.ActiveCfg = Debug|Any CPU
		{2DE4CB59-9586-458E-AC06-5A754E8A77CD}.Debug|x86.Build.0 = Debug|Any CPU
		{2DE4CB59-9586-458E-AC06-5A754E8A77CD}.Release|Any CPU.ActiveCfg = Release|Any CPU
		{2DE4CB59-9586-458E-AC06-5A754E8A77CD}.Release|Any CPU.Build.0 = Release|Any CPU
		{2DE4CB59-9586-458E-AC06-5A754E8A77CD}.Release|x64.ActiveCfg = Release|Any CPU
		{2DE4CB59-9586-458E-AC06-5A754E8A77CD}.Release|x64.Build.0 = Release|Any CPU
		{2DE4CB59-9586-458E-AC06-5A754E8A77CD}.Release|x86.ActiveCfg = Release|Any CPU
		{2DE4CB59-9586-458E-AC06-5A754E8A77CD}.Release|x86.Build.0 = Release|Any CPU
		{96A0EA3D-7A8D-492A-9BBF-682AB850FEBA}.Debug|Any CPU.ActiveCfg = Debug|Any CPU
		{96A0EA3D-7A8D-492A-9BBF-682AB850FEBA}.Debug|Any CPU.Build.0 = Debug|Any CPU
		{96A0EA3D-7A8D-492A-9BBF-682AB850FEBA}.Debug|x64.ActiveCfg = Debug|Any CPU
		{96A0EA3D-7A8D-492A-9BBF-682AB850FEBA}.Debug|x64.Build.0 = Debug|Any CPU
		{96A0EA3D-7A8D-492A-9BBF-682AB850FEBA}.Debug|x86.ActiveCfg = Debug|Any CPU
		{96A0EA3D-7A8D-492A-9BBF-682AB850FEBA}.Debug|x86.Build.0 = Debug|Any CPU
		{96A0EA3D-7A8D-492A-9BBF-682AB850FEBA}.Release|Any CPU.ActiveCfg = Release|Any CPU
		{96A0EA3D-7A8D-492A-9BBF-682AB850FEBA}.Release|Any CPU.Build.0 = Release|Any CPU
		{96A0EA3D-7A8D-492A-9BBF-682AB850FEBA}.Release|x64.ActiveCfg = Release|Any CPU
		{96A0EA3D-7A8D-492A-9BBF-682AB850FEBA}.Release|x64.Build.0 = Release|Any CPU
		{96A0EA3D-7A8D-492A-9BBF-682AB850FEBA}.Release|x86.ActiveCfg = Release|Any CPU
		{96A0EA3D-7A8D-492A-9BBF-682AB850FEBA}.Release|x86.Build.0 = Release|Any CPU
		{B94F207B-58B7-4C5D-B5E9-4580ACB52A1C}.Debug|Any CPU.ActiveCfg = Debug|Any CPU
		{B94F207B-58B7-4C5D-B5E9-4580ACB52A1C}.Debug|Any CPU.Build.0 = Debug|Any CPU
		{B94F207B-58B7-4C5D-B5E9-4580ACB52A1C}.Debug|x64.ActiveCfg = Debug|Any CPU
		{B94F207B-58B7-4C5D-B5E9-4580ACB52A1C}.Debug|x64.Build.0 = Debug|Any CPU
		{B94F207B-58B7-4C5D-B5E9-4580ACB52A1C}.Debug|x86.ActiveCfg = Debug|Any CPU
		{B94F207B-58B7-4C5D-B5E9-4580ACB52A1C}.Debug|x86.Build.0 = Debug|Any CPU
		{B94F207B-58B7-4C5D-B5E9-4580ACB52A1C}.Release|Any CPU.ActiveCfg = Release|Any CPU
		{B94F207B-58B7-4C5D-B5E9-4580ACB52A1C}.Release|Any CPU.Build.0 = Release|Any CPU
		{B94F207B-58B7-4C5D-B5E9-4580ACB52A1C}.Release|x64.ActiveCfg = Release|Any CPU
		{B94F207B-58B7-4C5D-B5E9-4580ACB52A1C}.Release|x64.Build.0 = Release|Any CPU
		{B94F207B-58B7-4C5D-B5E9-4580ACB52A1C}.Release|x86.ActiveCfg = Release|Any CPU
		{B94F207B-58B7-4C5D-B5E9-4580ACB52A1C}.Release|x86.Build.0 = Release|Any CPU
		{C107F313-CF70-4995-8A82-8232B0EBC221}.Debug|Any CPU.ActiveCfg = Debug|Any CPU
		{C107F313-CF70-4995-8A82-8232B0EBC221}.Debug|Any CPU.Build.0 = Debug|Any CPU
		{C107F313-CF70-4995-8A82-8232B0EBC221}.Debug|x64.ActiveCfg = Debug|Any CPU
		{C107F313-CF70-4995-8A82-8232B0EBC221}.Debug|x64.Build.0 = Debug|Any CPU
		{C107F313-CF70-4995-8A82-8232B0EBC221}.Debug|x86.ActiveCfg = Debug|Any CPU
		{C107F313-CF70-4995-8A82-8232B0EBC221}.Debug|x86.Build.0 = Debug|Any CPU
		{C107F313-CF70-4995-8A82-8232B0EBC221}.Release|Any CPU.ActiveCfg = Release|Any CPU
		{C107F313-CF70-4995-8A82-8232B0EBC221}.Release|Any CPU.Build.0 = Release|Any CPU
		{C107F313-CF70-4995-8A82-8232B0EBC221}.Release|x64.ActiveCfg = Release|Any CPU
		{C107F313-CF70-4995-8A82-8232B0EBC221}.Release|x64.Build.0 = Release|Any CPU
		{C107F313-CF70-4995-8A82-8232B0EBC221}.Release|x86.ActiveCfg = Release|Any CPU
		{C107F313-CF70-4995-8A82-8232B0EBC221}.Release|x86.Build.0 = Release|Any CPU
		{98BDD43B-A167-47A5-A40C-28BE5D453C95}.Debug|Any CPU.ActiveCfg = Debug|Any CPU
		{98BDD43B-A167-47A5-A40C-28BE5D453C95}.Debug|Any CPU.Build.0 = Debug|Any CPU
		{98BDD43B-A167-47A5-A40C-28BE5D453C95}.Debug|x64.ActiveCfg = Debug|Any CPU
		{98BDD43B-A167-47A5-A40C-28BE5D453C95}.Debug|x64.Build.0 = Debug|Any CPU
		{98BDD43B-A167-47A5-A40C-28BE5D453C95}.Debug|x86.ActiveCfg = Debug|Any CPU
		{98BDD43B-A167-47A5-A40C-28BE5D453C95}.Debug|x86.Build.0 = Debug|Any CPU
		{98BDD43B-A167-47A5-A40C-28BE5D453C95}.Release|Any CPU.ActiveCfg = Release|Any CPU
		{98BDD43B-A167-47A5-A40C-28BE5D453C95}.Release|Any CPU.Build.0 = Release|Any CPU
		{98BDD43B-A167-47A5-A40C-28BE5D453C95}.Release|x64.ActiveCfg = Release|Any CPU
		{98BDD43B-A167-47A5-A40C-28BE5D453C95}.Release|x64.Build.0 = Release|Any CPU
		{98BDD43B-A167-47A5-A40C-28BE5D453C95}.Release|x86.ActiveCfg = Release|Any CPU
		{98BDD43B-A167-47A5-A40C-28BE5D453C95}.Release|x86.Build.0 = Release|Any CPU
		{21CDCDB8-2160-4304-9A0E-C19F5DE95351}.Debug|Any CPU.ActiveCfg = Debug|Any CPU
		{21CDCDB8-2160-4304-9A0E-C19F5DE95351}.Debug|Any CPU.Build.0 = Debug|Any CPU
		{21CDCDB8-2160-4304-9A0E-C19F5DE95351}.Debug|x64.ActiveCfg = Debug|Any CPU
		{21CDCDB8-2160-4304-9A0E-C19F5DE95351}.Debug|x64.Build.0 = Debug|Any CPU
		{21CDCDB8-2160-4304-9A0E-C19F5DE95351}.Debug|x86.ActiveCfg = Debug|Any CPU
		{21CDCDB8-2160-4304-9A0E-C19F5DE95351}.Debug|x86.Build.0 = Debug|Any CPU
		{21CDCDB8-2160-4304-9A0E-C19F5DE95351}.Release|Any CPU.ActiveCfg = Release|Any CPU
		{21CDCDB8-2160-4304-9A0E-C19F5DE95351}.Release|Any CPU.Build.0 = Release|Any CPU
		{21CDCDB8-2160-4304-9A0E-C19F5DE95351}.Release|x64.ActiveCfg = Release|Any CPU
		{21CDCDB8-2160-4304-9A0E-C19F5DE95351}.Release|x64.Build.0 = Release|Any CPU
		{21CDCDB8-2160-4304-9A0E-C19F5DE95351}.Release|x86.ActiveCfg = Release|Any CPU
		{21CDCDB8-2160-4304-9A0E-C19F5DE95351}.Release|x86.Build.0 = Release|Any CPU
		{B975D946-33F8-4D3B-BEB8-668D8503BDFA}.Debug|Any CPU.ActiveCfg = Debug|Any CPU
		{B975D946-33F8-4D3B-BEB8-668D8503BDFA}.Debug|Any CPU.Build.0 = Debug|Any CPU
		{B975D946-33F8-4D3B-BEB8-668D8503BDFA}.Debug|x64.ActiveCfg = Debug|Any CPU
		{B975D946-33F8-4D3B-BEB8-668D8503BDFA}.Debug|x64.Build.0 = Debug|Any CPU
		{B975D946-33F8-4D3B-BEB8-668D8503BDFA}.Debug|x86.ActiveCfg = Debug|Any CPU
		{B975D946-33F8-4D3B-BEB8-668D8503BDFA}.Debug|x86.Build.0 = Debug|Any CPU
		{B975D946-33F8-4D3B-BEB8-668D8503BDFA}.Release|Any CPU.ActiveCfg = Release|Any CPU
		{B975D946-33F8-4D3B-BEB8-668D8503BDFA}.Release|Any CPU.Build.0 = Release|Any CPU
		{B975D946-33F8-4D3B-BEB8-668D8503BDFA}.Release|x64.ActiveCfg = Release|Any CPU
		{B975D946-33F8-4D3B-BEB8-668D8503BDFA}.Release|x64.Build.0 = Release|Any CPU
		{B975D946-33F8-4D3B-BEB8-668D8503BDFA}.Release|x86.ActiveCfg = Release|Any CPU
		{B975D946-33F8-4D3B-BEB8-668D8503BDFA}.Release|x86.Build.0 = Release|Any CPU
		{534F9E99-B4BC-4BEC-85A1-6E46C635CD23}.Debug|Any CPU.ActiveCfg = Debug|Any CPU
		{534F9E99-B4BC-4BEC-85A1-6E46C635CD23}.Debug|Any CPU.Build.0 = Debug|Any CPU
		{534F9E99-B4BC-4BEC-85A1-6E46C635CD23}.Debug|x64.ActiveCfg = Debug|Any CPU
		{534F9E99-B4BC-4BEC-85A1-6E46C635CD23}.Debug|x64.Build.0 = Debug|Any CPU
		{534F9E99-B4BC-4BEC-85A1-6E46C635CD23}.Debug|x86.ActiveCfg = Debug|Any CPU
		{534F9E99-B4BC-4BEC-85A1-6E46C635CD23}.Debug|x86.Build.0 = Debug|Any CPU
		{534F9E99-B4BC-4BEC-85A1-6E46C635CD23}.Release|Any CPU.ActiveCfg = Release|Any CPU
		{534F9E99-B4BC-4BEC-85A1-6E46C635CD23}.Release|Any CPU.Build.0 = Release|Any CPU
		{534F9E99-B4BC-4BEC-85A1-6E46C635CD23}.Release|x64.ActiveCfg = Release|Any CPU
		{534F9E99-B4BC-4BEC-85A1-6E46C635CD23}.Release|x64.Build.0 = Release|Any CPU
		{534F9E99-B4BC-4BEC-85A1-6E46C635CD23}.Release|x86.ActiveCfg = Release|Any CPU
		{534F9E99-B4BC-4BEC-85A1-6E46C635CD23}.Release|x86.Build.0 = Release|Any CPU
	EndGlobalSection
	GlobalSection(SolutionProperties) = preSolution
		HideSolutionNode = FALSE
	EndGlobalSection
	GlobalSection(NestedProjects) = preSolution
		{2DE4CB59-9586-458E-AC06-5A754E8A77CD} = {827E0CD3-B72D-47B6-A68D-7590B98EB39B}
		{96A0EA3D-7A8D-492A-9BBF-682AB850FEBA} = {827E0CD3-B72D-47B6-A68D-7590B98EB39B}
		{B94F207B-58B7-4C5D-B5E9-4580ACB52A1C} = {827E0CD3-B72D-47B6-A68D-7590B98EB39B}
		{C107F313-CF70-4995-8A82-8232B0EBC221} = {827E0CD3-B72D-47B6-A68D-7590B98EB39B}
		{98BDD43B-A167-47A5-A40C-28BE5D453C95} = {827E0CD3-B72D-47B6-A68D-7590B98EB39B}
		{21CDCDB8-2160-4304-9A0E-C19F5DE95351} = {827E0CD3-B72D-47B6-A68D-7590B98EB39B}
		{B975D946-33F8-4D3B-BEB8-668D8503BDFA} = {827E0CD3-B72D-47B6-A68D-7590B98EB39B}
		{534F9E99-B4BC-4BEC-85A1-6E46C635CD23} = {827E0CD3-B72D-47B6-A68D-7590B98EB39B}
	EndGlobalSection
EndGlobal
